
Microsoft Visual Studio Solution File, Format Version 12.00
# Visual Studio Version 16
VisualStudioVersion = 16.0.30011.22
MinimumVisualStudioVersion = 10.0.40219.1
Project("{9A19103F-16F7-4668-BE54-9A1E7A4F7556}") = "Petzfinder.QRGenerator", "Petzfinder.QRGenerator.csproj", "{EF8289D3-FDF8-4D49-801B-2D1E5F72E4F7}"
EndProject
Global
	GlobalSection(SolutionConfigurationPlatforms) = preSolution
		Debug|Any CPU = Debug|Any CPU
		Release|Any CPU = Release|Any CPU
	EndGlobalSection
	GlobalSection(ProjectConfigurationPlatforms) = postSolution
		{EF8289D3-FDF8-4D49-801B-2D1E5F72E4F7}.Debug|Any CPU.ActiveCfg = Debug|Any CPU
		{EF8289D3-FDF8-4D49-801B-2D1E5F72E4F7}.Debug|Any CPU.Build.0 = Debug|Any CPU
		{EF8289D3-FDF8-4D49-801B-2D1E5F72E4F7}.Release|Any CPU.ActiveCfg = Release|Any CPU
		{EF8289D3-FDF8-4D49-801B-2D1E5F72E4F7}.Release|Any CPU.Build.0 = Release|Any CPU
	EndGlobalSection
	GlobalSection(SolutionProperties) = preSolution
		HideSolutionNode = FALSE
	EndGlobalSection
	GlobalSection(ExtensibilityGlobals) = postSolution
		SolutionGuid = {5733D234-0C63-4454-BE1C-1284B975C5F2}
	EndGlobalSection
EndGlobal
